
Microsoft Visual Studio Solution File, Format Version 12.00
# Visual Studio 15
VisualStudioVersion = 15.0.27130.2027
MinimumVisualStudioVersion = 10.0.40219.1
Project("{FAE04EC0-301F-11D3-BF4B-00C04F79EFBC}") = "Web API", "Web API\Web API.csproj", "{39FD0E9D-28F2-4633-A4F6-B4D93C220504}"
EndProject
Project("{FAE04EC0-301F-11D3-BF4B-00C04F79EFBC}") = "DAL", "DAL\DAL.csproj", "{50062966-A348-4D07-9B1D-B003F231A142}"
EndProject
Project("{FAE04EC0-301F-11D3-BF4B-00C04F79EFBC}") = "Logic", "Logic\Logic.csproj", "{C0F46185-02B9-4B0E-853E-72FFE4BE1CAF}"
EndProject
Project("{FAE04EC0-301F-11D3-BF4B-00C04F79EFBC}") = "Entites Layer", "Entites Layer\Entites Layer.csproj", "{91923515-DDB9-4AC9-8B65-0A9610B2240F}"
EndProject
Global
	GlobalSection(SolutionConfigurationPlatforms) = preSolution
		Debug|Any CPU = Debug|Any CPU
		Release|Any CPU = Release|Any CPU
	EndGlobalSection
	GlobalSection(ProjectConfigurationPlatforms) = postSolution
		{39FD0E9D-28F2-4633-A4F6-B4D93C220504}.Debug|Any CPU.ActiveCfg = Debug|Any CPU
		{39FD0E9D-28F2-4633-A4F6-B4D93C220504}.Debug|Any CPU.Build.0 = Debug|Any CPU
		{39FD0E9D-28F2-4633-A4F6-B4D93C220504}.Release|Any CPU.ActiveCfg = Release|Any CPU
		{39FD0E9D-28F2-4633-A4F6-B4D93C220504}.Release|Any CPU.Build.0 = Release|Any CPU
		{50062966-A348-4D07-9B1D-B003F231A142}.Debug|Any CPU.ActiveCfg = Debug|Any CPU
		{50062966-A348-4D07-9B1D-B003F231A142}.Debug|Any CPU.Build.0 = Debug|Any CPU
		{50062966-A348-4D07-9B1D-B003F231A142}.Release|Any CPU.ActiveCfg = Release|Any CPU
		{50062966-A348-4D07-9B1D-B003F231A142}.Release|Any CPU.Build.0 = Release|Any CPU
		{C0F46185-02B9-4B0E-853E-72FFE4BE1CAF}.Debug|Any CPU.ActiveCfg = Debug|Any CPU
		{C0F46185-02B9-4B0E-853E-72FFE4BE1CAF}.Debug|Any CPU.Build.0 = Debug|Any CPU
		{C0F46185-02B9-4B0E-853E-72FFE4BE1CAF}.Release|Any CPU.ActiveCfg = Release|Any CPU
		{C0F46185-02B9-4B0E-853E-72FFE4BE1CAF}.Release|Any CPU.Build.0 = Release|Any CPU
		{91923515-DDB9-4AC9-8B65-0A9610B2240F}.Debug|Any CPU.ActiveCfg = Debug|Any CPU
		{91923515-DDB9-4AC9-8B65-0A9610B2240F}.Debug|Any CPU.Build.0 = Debug|Any CPU
		{91923515-DDB9-4AC9-8B65-0A9610B2240F}.Release|Any CPU.ActiveCfg = Release|Any CPU
		{91923515-DDB9-4AC9-8B65-0A9610B2240F}.Release|Any CPU.Build.0 = Release|Any CPU
	EndGlobalSection
	GlobalSection(SolutionProperties) = preSolution
		HideSolutionNode = FALSE
	EndGlobalSection
	GlobalSection(ExtensibilityGlobals) = postSolution
		SolutionGuid = {3672316D-D43E-4838-B27D-B3C50D294C9E}
	EndGlobalSection
EndGlobal
